lockfileVersion: '9.0'

settings:
  autoInstallPeers: true
  excludeLinksFromLockfile: false

importers:

  .:
    dependencies:
      '@jssg/utils':
        specifier: ^0.0.2
        version: 0.0.2
    devDependencies:
      '@types/node':
        specifier: latest
        version: 25.5.2

  codemods/error-boundaries:
    devDependencies:
      '@codemod.com/jssg-types':
        specifier: latest
        version: 1.5.1
      '@types/node':
        specifier: latest
        version: 25.5.2
      typescript:
        specifier: latest
        version: 6.0.2

  codemods/find-dom-node:
    dependencies:
      '@jssg/utils':
        specifier: ^0.0.2
        version: 0.0.2
    devDependencies:
      '@codemod.com/jssg-types':
        specifier: latest
        version: 1.5.1
      '@types/node':
        specifier: latest
        version: 25.5.2
      typescript:
        specifier: latest
        version: 6.0.2

  codemods/manual-bind-to-arrow:
    devDependencies:
      '@codemod.com/jssg-types':
        specifier: latest
        version: 1.5.1
      '@types/node':
        specifier: latest
        version: 25.5.2
      typescript:
        specifier: latest
        version: 6.0.2

  codemods/pure-render-mixin:
    devDependencies:
      '@codemod.com/jssg-types':
        specifier: latest
        version: 1.5.1
      '@types/node':
        specifier: latest
        version: 25.5.2
      typescript:
        specifier: latest
        version: 6.0.2

  codemods/react-proptypes-to-prop-types:
    dependencies:
      '@jssg/utils':
        specifier: ^0.0.2
        version: 0.0.2
    devDependencies:
      '@codemod.com/jssg-types':
        specifier: latest
        version: 1.5.1
      '@types/node':
        specifier: latest
        version: 25.5.2
      typescript:
        specifier: latest
        version: 6.0.2

  codemods/rename-unsafe-lifecycles:
    devDependencies:
      '@codemod.com/jssg-types':
        specifier: latest
        version: 1.5.1
      '@types/node':
        specifier: latest
        version: 25.5.2
      typescript:
        specifier: latest
        version: 6.0.2

  codemods/replace-act-import:
    dependencies:
      '@jssg/utils':
        specifier: ^0.0.2
        version: 0.0.2
    devDependencies:
      '@codemod.com/jssg-types':
        specifier: latest
        version: 1.5.1
      '@types/node':
        specifier: latest
        version: 25.5.2
      typescript:
        specifier: latest
        version: 6.0.2

  codemods/replace-reactdom-render:
    dependencies:
      '@jssg/utils':
        specifier: ^0.0.2
        version: 0.0.2
    devDependencies:
      '@codemod.com/jssg-types':
        specifier: latest
        version: 1.5.1
      '@types/node':
        specifier: latest
        version: 25.5.2
      typescript:
        specifier: latest
        version: 6.0.2

  codemods/replace-string-ref:
    dependencies:
      '@jssg/utils':
        specifier: ^0.0.2
        version: 0.0.2
    devDependencies:
      '@codemod.com/jssg-types':
        specifier: latest
        version: 1.5.1
      '@types/node':
        specifier: latest
        version: 25.5.2
      typescript:
        specifier: latest
        version: 6.0.2

  codemods/replace-use-form-state:
    dependencies:
      '@jssg/utils':
        specifier: ^0.0.2
        version: 0.0.2
    devDependencies:
      '@codemod.com/jssg-types':
        specifier: latest
        version: 1.5.1
      '@types/node':
        specifier: latest
        version: 25.5.2
      typescript:
        specifier: latest
        version: 6.0.2

  codemods/sort-comp:
    devDependencies:
      '@codemod.com/jssg-types':
        specifier: latest
        version: 1.5.1
      '@types/node':
        specifier: latest
        version: 25.5.2
      typescript:
        specifier: latest
        version: 6.0.2

  codemods/update-react-imports:
    dependencies:
      '@jssg/utils':
        specifier: ^0.0.2
        version: 0.0.2
    devDependencies:
      '@codemod.com/jssg-types':
        specifier: latest
        version: 1.5.1
      '@types/node':
        specifier: latest
        version: 25.5.2
      typescript:
        specifier: latest
        version: 6.0.2

  codemods/use-context-hook:
    dependencies:
      '@jssg/utils':
        specifier: ^0.0.2
        version: 0.0.2
    devDependencies:
      '@codemod.com/jssg-types':
        specifier: latest
        version: 1.5.1
      '@types/node':
        specifier: latest
        version: 25.5.2
      typescript:
        specifier: latest
        version: 6.0.2

packages:

  '@codemod.com/jssg-types@1.5.1':
    resolution: {integrity: sha512-pCngSoz7hpNiMMkoVi+b4uqy7cA2XuJqEaOx52KYN/25bOdzJ7IqU9DEMukOKnWyFt9iy3UBinayit1P1+9wXA==}

  '@jssg/utils@0.0.2':
    resolution: {integrity: sha512-eCQv5Xs9yfI6OKq2PQ8SyKsxPhdiaJY/XAFJmsZiVbsK5DIBBmGBA95CsyD4JFWXDKkNv6Q7ER/Kbp6/uWzB2w==}

  '@types/node@25.5.2':
    resolution: {integrity: sha512-tO4ZIRKNC+MDWV4qKVZe3Ql/woTnmHDr5JD8UI5hn2pwBrHEwOEMZK7WlNb5RKB6EoJ02gwmQS9OrjuFnZYdpg==}

  typescript@6.0.2:
    resolution: {integrity: sha512-bGdAIrZ0wiGDo5l8c++HWtbaNCWTS4UTv7RaTH/ThVIgjkveJt83m74bBHMJkuCbslY8ixgLBVZJIOiQlQTjfQ==}
    engines: {node: '>=14.17'}
    hasBin: true

  undici-types@7.18.2:
    resolution: {integrity: sha512-AsuCzffGHJybSaRrmr5eHr81mwJU3kjw6M+uprWvCXiNeN9SOGwQ3Jn8jb8m3Z6izVgknn1R0FTCEAP2QrLY/w==}

snapshots:

  '@codemod.com/jssg-types@1.5.1': {}

  '@jssg/utils@0.0.2': {}

  '@types/node@25.5.2':
    dependencies:
      undici-types: 7.18.2

  typescript@6.0.2: {}

  undici-types@7.18.2: {}
