lockfileVersion: '9.0'

settings:
  autoInstallPeers: true
  excludeLinksFromLockfile: false

importers:

  .:
    dependencies:
      '@jssg/utils':
        specifier: ^0.0.2
        version: 0.0.2
    devDependencies:
      '@types/node':
        specifier: latest
        version: 25.6.0

  codemods/jssg/react-19-migration-recipe: {}

  codemods/jssg/react-proptypes-to-prop-types:
    dependencies:
      '@jssg/utils':
        specifier: ^0.0.2
        version: 0.0.2
    devDependencies:
      '@codemod.com/jssg-types':
        specifier: latest
        version: 1.5.1
      '@types/node':
        specifier: latest
        version: 25.6.0
      typescript:
        specifier: latest
        version: 6.0.2

  codemods/jssg/replace-act-import:
    dependencies:
      '@jssg/utils':
        specifier: ^0.0.2
        version: 0.0.2
    devDependencies:
      '@codemod.com/jssg-types':
        specifier: latest
        version: 1.5.1
      '@types/node':
        specifier: latest
        version: 25.6.0
      typescript:
        specifier: latest
        version: 6.0.2

  codemods/jssg/replace-reactdom-render:
    dependencies:
      '@jssg/utils':
        specifier: ^0.0.2
        version: 0.0.2
    devDependencies:
      '@codemod.com/jssg-types':
        specifier: latest
        version: 1.5.1
      '@types/node':
        specifier: latest
        version: 25.6.0
      typescript:
        specifier: latest
        version: 6.0.2

  codemods/jssg/replace-string-ref:
    dependencies:
      '@jssg/utils':
        specifier: ^0.0.2
        version: 0.0.2
    devDependencies:
      '@codemod.com/jssg-types':
        specifier: latest
        version: 1.5.1
      '@types/node':
        specifier: latest
        version: 25.6.0
      typescript:
        specifier: latest
        version: 6.0.2

  codemods/jssg/replace-use-form-state:
    dependencies:
      '@jssg/utils':
        specifier: ^0.0.2
        version: 0.0.2
    devDependencies:
      '@codemod.com/jssg-types':
        specifier: latest
        version: 1.5.1
      '@types/node':
        specifier: latest
        version: 25.6.0
      typescript:
        specifier: latest
        version: 6.0.2

  codemods/jssg/use-context-hook:
    dependencies:
      '@jssg/utils':
        specifier: ^0.0.2
        version: 0.0.2
    devDependencies:
      '@codemod.com/jssg-types':
        specifier: latest
        version: 1.5.1
      '@types/node':
        specifier: latest
        version: 25.6.0
      typescript:
        specifier: latest
        version: 6.0.2

packages:

  '@codemod.com/jssg-types@1.5.1':
    resolution: {integrity: sha512-pCngSoz7hpNiMMkoVi+b4uqy7cA2XuJqEaOx52KYN/25bOdzJ7IqU9DEMukOKnWyFt9iy3UBinayit1P1+9wXA==}

  '@jssg/utils@0.0.2':
    resolution: {integrity: sha512-eCQv5Xs9yfI6OKq2PQ8SyKsxPhdiaJY/XAFJmsZiVbsK5DIBBmGBA95CsyD4JFWXDKkNv6Q7ER/Kbp6/uWzB2w==}

  '@types/node@25.6.0':
    resolution: {integrity: sha512-+qIYRKdNYJwY3vRCZMdJbPLJAtGjQBudzZzdzwQYkEPQd+PJGixUL5QfvCLDaULoLv+RhT3LDkwEfKaAkgSmNQ==}

  typescript@6.0.2:
    resolution: {integrity: sha512-bGdAIrZ0wiGDo5l8c++HWtbaNCWTS4UTv7RaTH/ThVIgjkveJt83m74bBHMJkuCbslY8ixgLBVZJIOiQlQTjfQ==}
    engines: {node: '>=14.17'}
    hasBin: true

  undici-types@7.19.2:
    resolution: {integrity: sha512-qYVnV5OEm2AW8cJMCpdV20CDyaN3g0AjDlOGf1OW4iaDEx8MwdtChUp4zu4H0VP3nDRF/8RKWH+IPp9uW0YGZg==}

snapshots:

  '@codemod.com/jssg-types@1.5.1': {}

  '@jssg/utils@0.0.2': {}

  '@types/node@25.6.0':
    dependencies:
      undici-types: 7.19.2

  typescript@6.0.2: {}

  undici-types@7.19.2: {}
